
Microsoft Visual Studio Solution File, Format Version 12.00
# Visual Studio Version 17
VisualStudioVersion = 17.5.002.0
MinimumVisualStudioVersion = 10.0.40219.1
Project("{9A19103F-16F7-4668-BE54-9A1E7A4F7556}") = "PresidentVoting", "PresidentVoting.csproj", "{1D47D472-F2A3-49CA-A5C8-A026AA3A8717}"
EndProject
Global
	GlobalSection(SolutionConfigurationPlatforms) = preSolution
		Debug|Any CPU = Debug|Any CPU
		Release|Any CPU = Release|Any CPU
	EndGlobalSection
	GlobalSection(ProjectConfigurationPlatforms) = postSolution
		{1D47D472-F2A3-49CA-A5C8-A026AA3A8717}.Debug|Any CPU.ActiveCfg = Debug|Any CPU
		{1D47D472-F2A3-49CA-A5C8-A026AA3A8717}.Debug|Any CPU.Build.0 = Debug|Any CPU
		{1D47D472-F2A3-49CA-A5C8-A026AA3A8717}.Release|Any CPU.ActiveCfg = Release|Any CPU
		{1D47D472-F2A3-49CA-A5C8-A026AA3A8717}.Release|Any CPU.Build.0 = Release|Any CPU
	EndGlobalSection
	GlobalSection(SolutionProperties) = preSolution
		HideSolutionNode = FALSE
	EndGlobalSection
	GlobalSection(ExtensibilityGlobals) = postSolution
		SolutionGuid = {AF5A0CDB-803F-4293-B4C4-E50A68648FF0}
	EndGlobalSection
EndGlobal
