
Microsoft Visual Studio Solution File, Format Version 12.00
# Visual Studio Version 17
VisualStudioVersion = 17.5.002.0
MinimumVisualStudioVersion = 10.0.40219.1
Project("{9A19103F-16F7-4668-BE54-9A1E7A4F7556}") = "ShufflingCards", "ShufflingCards.csproj", "{7097F928-5EBF-4A28-B62B-81A2D47E7B10}"
EndProject
Global
	GlobalSection(SolutionConfigurationPlatforms) = preSolution
		Debug|Any CPU = Debug|Any CPU
		Release|Any CPU = Release|Any CPU
	EndGlobalSection
	GlobalSection(ProjectConfigurationPlatforms) = postSolution
		{7097F928-5EBF-4A28-B62B-81A2D47E7B10}.Debug|Any CPU.ActiveCfg = Debug|Any CPU
		{7097F928-5EBF-4A28-B62B-81A2D47E7B10}.Debug|Any CPU.Build.0 = Debug|Any CPU
		{7097F928-5EBF-4A28-B62B-81A2D47E7B10}.Release|Any CPU.ActiveCfg = Release|Any CPU
		{7097F928-5EBF-4A28-B62B-81A2D47E7B10}.Release|Any CPU.Build.0 = Release|Any CPU
	EndGlobalSection
	GlobalSection(SolutionProperties) = preSolution
		HideSolutionNode = FALSE
	EndGlobalSection
	GlobalSection(ExtensibilityGlobals) = postSolution
		SolutionGuid = {D0A184BA-C80A-470A-8145-5E1EC71737C7}
	EndGlobalSection
EndGlobal
