
Microsoft Visual Studio Solution File, Format Version 12.00
# Visual Studio Version 17
VisualStudioVersion = 17.5.002.0
MinimumVisualStudioVersion = 10.0.40219.1
Project("{9A19103F-16F7-4668-BE54-9A1E7A4F7556}") = "Tests", "Tests\Tests.csproj", "{0331C3A7-F4CE-49F0-81AA-A08A1FA84D27}"
EndProject
Project("{9A19103F-16F7-4668-BE54-9A1E7A4F7556}") = "EmailValidation", "src\EmailValidation.csproj", "{82D9D28C-B00D-4720-A5DE-10039909A5FB}"
EndProject
Global
	GlobalSection(SolutionConfigurationPlatforms) = preSolution
		Debug|Any CPU = Debug|Any CPU
		Release|Any CPU = Release|Any CPU
	EndGlobalSection
	GlobalSection(ProjectConfigurationPlatforms) = postSolution
		{0331C3A7-F4CE-49F0-81AA-A08A1FA84D27}.Debug|Any CPU.ActiveCfg = Debug|Any CPU
		{0331C3A7-F4CE-49F0-81AA-A08A1FA84D27}.Debug|Any CPU.Build.0 = Debug|Any CPU
		{0331C3A7-F4CE-49F0-81AA-A08A1FA84D27}.Release|Any CPU.ActiveCfg = Release|Any CPU
		{0331C3A7-F4CE-49F0-81AA-A08A1FA84D27}.Release|Any CPU.Build.0 = Release|Any CPU
		{82D9D28C-B00D-4720-A5DE-10039909A5FB}.Debug|Any CPU.ActiveCfg = Debug|Any CPU
		{82D9D28C-B00D-4720-A5DE-10039909A5FB}.Debug|Any CPU.Build.0 = Debug|Any CPU
		{82D9D28C-B00D-4720-A5DE-10039909A5FB}.Release|Any CPU.ActiveCfg = Release|Any CPU
		{82D9D28C-B00D-4720-A5DE-10039909A5FB}.Release|Any CPU.Build.0 = Release|Any CPU
	EndGlobalSection
	GlobalSection(SolutionProperties) = preSolution
		HideSolutionNode = FALSE
	EndGlobalSection
	GlobalSection(ExtensibilityGlobals) = postSolution
		SolutionGuid = {313BE88B-86F5-48F9-827B-907CC222D3CA}
	EndGlobalSection
EndGlobal
