
Microsoft Visual Studio Solution File, Format Version 12.00
# Visual Studio Version 17
VisualStudioVersion = 17.0.31903.59
MinimumVisualStudioVersion = 10.0.40219.1
Project("{2150E333-8FDC-42A3-9474-1A3956D46DE8}") = "src", "src", "{EE39F654-323C-47C3-9F2E-824C36736F4A}"
EndProject
Project("{FAE04EC0-301F-11D3-BF4B-00C04F79EFBC}") = "FibonacciSequence", "src\FibonacciSequence\FibonacciSequence.csproj", "{29A9C31C-0258-4650-9379-30F164FE4771}"
EndProject
Project("{2150E333-8FDC-42A3-9474-1A3956D46DE8}") = "tests", "tests", "{6441C3CA-47C1-42D8-8FE8-F941296FC5D0}"
EndProject
Project("{FAE04EC0-301F-11D3-BF4B-00C04F79EFBC}") = "FibonacciSequenceTests", "tests\FibonacciSequenceTests\FibonacciSequenceTests.csproj", "{E8867D6C-5BC5-4075-A090-D14FCED7BFA7}"
EndProject
Global
	GlobalSection(SolutionConfigurationPlatforms) = preSolution
		Debug|Any CPU = Debug|Any CPU
		Release|Any CPU = Release|Any CPU
	EndGlobalSection
	GlobalSection(SolutionProperties) = preSolution
		HideSolutionNode = FALSE
	EndGlobalSection
	GlobalSection(ProjectConfigurationPlatforms) = postSolution
		{29A9C31C-0258-4650-9379-30F164FE4771}.Debug|Any CPU.ActiveCfg = Debug|Any CPU
		{29A9C31C-0258-4650-9379-30F164FE4771}.Debug|Any CPU.Build.0 = Debug|Any CPU
		{29A9C31C-0258-4650-9379-30F164FE4771}.Release|Any CPU.ActiveCfg = Release|Any CPU
		{29A9C31C-0258-4650-9379-30F164FE4771}.Release|Any CPU.Build.0 = Release|Any CPU
		{E8867D6C-5BC5-4075-A090-D14FCED7BFA7}.Debug|Any CPU.ActiveCfg = Debug|Any CPU
		{E8867D6C-5BC5-4075-A090-D14FCED7BFA7}.Debug|Any CPU.Build.0 = Debug|Any CPU
		{E8867D6C-5BC5-4075-A090-D14FCED7BFA7}.Release|Any CPU.ActiveCfg = Release|Any CPU
		{E8867D6C-5BC5-4075-A090-D14FCED7BFA7}.Release|Any CPU.Build.0 = Release|Any CPU
	EndGlobalSection
	GlobalSection(NestedProjects) = preSolution
		{29A9C31C-0258-4650-9379-30F164FE4771} = {EE39F654-323C-47C3-9F2E-824C36736F4A}
		{E8867D6C-5BC5-4075-A090-D14FCED7BFA7} = {6441C3CA-47C1-42D8-8FE8-F941296FC5D0}
	EndGlobalSection
EndGlobal
