
Microsoft Visual Studio Solution File, Format Version 12.00
# Visual Studio Version 17
VisualStudioVersion = 17.0.31903.59
MinimumVisualStudioVersion = 10.0.40219.1
Project("{2150E333-8FDC-42A3-9474-1A3956D46DE8}") = "src", "src", "{67E3C8E3-FCD2-4C16-8B36-57E66D444F17}"
EndProject
Project("{FAE04EC0-301F-11D3-BF4B-00C04F79EFBC}") = "RepeatingTimer", "src\RepeatingTimer\RepeatingTimer.csproj", "{4B8BDBEA-8C96-463A-ABCA-796B23C7CB31}"
EndProject
Project("{2150E333-8FDC-42A3-9474-1A3956D46DE8}") = "tests", "tests", "{E708F857-1888-490C-9028-6C9897F57270}"
EndProject
Project("{FAE04EC0-301F-11D3-BF4B-00C04F79EFBC}") = "RepeatingTimerTests", "tests\RepeatingTimerTests\RepeatingTimerTests.csproj", "{3DF8EDB3-8B32-46A9-84CE-768CB95C5491}"
EndProject
Global
	GlobalSection(SolutionConfigurationPlatforms) = preSolution
		Debug|Any CPU = Debug|Any CPU
		Release|Any CPU = Release|Any CPU
	EndGlobalSection
	GlobalSection(SolutionProperties) = preSolution
		HideSolutionNode = FALSE
	EndGlobalSection
	GlobalSection(ProjectConfigurationPlatforms) = postSolution
		{4B8BDBEA-8C96-463A-ABCA-796B23C7CB31}.Debug|Any CPU.ActiveCfg = Debug|Any CPU
		{4B8BDBEA-8C96-463A-ABCA-796B23C7CB31}.Debug|Any CPU.Build.0 = Debug|Any CPU
		{4B8BDBEA-8C96-463A-ABCA-796B23C7CB31}.Release|Any CPU.ActiveCfg = Release|Any CPU
		{4B8BDBEA-8C96-463A-ABCA-796B23C7CB31}.Release|Any CPU.Build.0 = Release|Any CPU
		{3DF8EDB3-8B32-46A9-84CE-768CB95C5491}.Debug|Any CPU.ActiveCfg = Debug|Any CPU
		{3DF8EDB3-8B32-46A9-84CE-768CB95C5491}.Debug|Any CPU.Build.0 = Debug|Any CPU
		{3DF8EDB3-8B32-46A9-84CE-768CB95C5491}.Release|Any CPU.ActiveCfg = Release|Any CPU
		{3DF8EDB3-8B32-46A9-84CE-768CB95C5491}.Release|Any CPU.Build.0 = Release|Any CPU
	EndGlobalSection
	GlobalSection(NestedProjects) = preSolution
		{4B8BDBEA-8C96-463A-ABCA-796B23C7CB31} = {67E3C8E3-FCD2-4C16-8B36-57E66D444F17}
		{3DF8EDB3-8B32-46A9-84CE-768CB95C5491} = {E708F857-1888-490C-9028-6C9897F57270}
	EndGlobalSection
EndGlobal
